
Microsoft Visual Studio Solution File, Format Version 12.00
# Visual Studio 14
VisualStudioVersion = 14.0.25420.1
MinimumVisualStudioVersion = 10.0.40219.1
Project("{FAE04EC0-301F-11D3-BF4B-00C04F79EFBC}") = "FRDB-SQLite", "FRDB-SQLite\FRDB-SQLite.csproj", "{BDF8D71F-9CD8-4AF7-B71D-B092DE2FE9F6}"
EndProject
Project("{54435603-DBB4-11D2-8724-00A0C9A8B90C}") = "Setup", "Setup\Setup.vdproj", "{3719E1DB-C956-4209-A7E1-C127DDCCAC2F}"
EndProject
Project("{54435603-DBB4-11D2-8724-00A0C9A8B90C}") = "Setup1", "Setup1\Setup1.vdproj", "{D769B0EC-247E-4E07-9040-47D025781872}"
EndProject
Global
	GlobalSection(SolutionConfigurationPlatforms) = preSolution
		Debug|Any CPU = Debug|Any CPU
		Debug|Mixed Platforms = Debug|Mixed Platforms
		Debug|x86 = Debug|x86
		Release|Any CPU = Release|Any CPU
		Release|Mixed Platforms = Release|Mixed Platforms
		Release|x86 = Release|x86
	EndGlobalSection
	GlobalSection(ProjectConfigurationPlatforms) = postSolution
		{BDF8D71F-9CD8-4AF7-B71D-B092DE2FE9F6}.Debug|Any CPU.ActiveCfg = Debug|x86
		{BDF8D71F-9CD8-4AF7-B71D-B092DE2FE9F6}.Debug|Mixed Platforms.ActiveCfg = Debug|x86
		{BDF8D71F-9CD8-4AF7-B71D-B092DE2FE9F6}.Debug|Mixed Platforms.Build.0 = Debug|x86
		{BDF8D71F-9CD8-4AF7-B71D-B092DE2FE9F6}.Debug|x86.ActiveCfg = Debug|x86
		{BDF8D71F-9CD8-4AF7-B71D-B092DE2FE9F6}.Debug|x86.Build.0 = Debug|x86
		{BDF8D71F-9CD8-4AF7-B71D-B092DE2FE9F6}.Release|Any CPU.ActiveCfg = Release|x86
		{BDF8D71F-9CD8-4AF7-B71D-B092DE2FE9F6}.Release|Mixed Platforms.ActiveCfg = Release|x86
		{BDF8D71F-9CD8-4AF7-B71D-B092DE2FE9F6}.Release|Mixed Platforms.Build.0 = Release|x86
		{BDF8D71F-9CD8-4AF7-B71D-B092DE2FE9F6}.Release|x86.ActiveCfg = Release|x86
		{BDF8D71F-9CD8-4AF7-B71D-B092DE2FE9F6}.Release|x86.Build.0 = Release|x86
		{3719E1DB-C956-4209-A7E1-C127DDCCAC2F}.Debug|Any CPU.ActiveCfg = Debug
		{3719E1DB-C956-4209-A7E1-C127DDCCAC2F}.Debug|Mixed Platforms.ActiveCfg = Debug
		{3719E1DB-C956-4209-A7E1-C127DDCCAC2F}.Debug|x86.ActiveCfg = Debug
		{3719E1DB-C956-4209-A7E1-C127DDCCAC2F}.Release|Any CPU.ActiveCfg = Release
		{3719E1DB-C956-4209-A7E1-C127DDCCAC2F}.Release|Mixed Platforms.ActiveCfg = Release
		{3719E1DB-C956-4209-A7E1-C127DDCCAC2F}.Release|x86.ActiveCfg = Release
		{D769B0EC-247E-4E07-9040-47D025781872}.Debug|Any CPU.ActiveCfg = Debug
		{D769B0EC-247E-4E07-9040-47D025781872}.Debug|Mixed Platforms.ActiveCfg = Debug
		{D769B0EC-247E-4E07-9040-47D025781872}.Debug|x86.ActiveCfg = Debug
		{D769B0EC-247E-4E07-9040-47D025781872}.Release|Any CPU.ActiveCfg = Release
		{D769B0EC-247E-4E07-9040-47D025781872}.Release|Mixed Platforms.ActiveCfg = Release
		{D769B0EC-247E-4E07-9040-47D025781872}.Release|x86.ActiveCfg = Release
	EndGlobalSection
	GlobalSection(SolutionProperties) = preSolution
		HideSolutionNode = FALSE
	EndGlobalSection
	GlobalSection(SubversionScc) = preSolution
		Svn-Managed = True
		Manager = AnkhSVN - Subversion Support for Visual Studio
	EndGlobalSection
EndGlobal
